{
  "name": "Omnifood - Never cook again!",
  "version": "1.0.0",
  "lockfileVersion": 3,
  "requires": true,
  "packages": {
    "": {
      "name": "Omnifood - Never cook again!",
      "version": "1.0.0",
      "license": "ISC",
      "dependencies": {
        "sweetalert2": "^11.7.11"
      },
      "devDependencies": {
        "prettier": "^2.8.8"
      }
    },
    "node_modules/prettier": {
      "version": "2.8.8",
      "resolved": "https://registry.npmjs.org/prettier/-/prettier-2.8.8.tgz",
      "integrity": "sha512-tdN8qQGvNjw4CHbY+XXk0JgCXn9QiF21a55rBe5LJAU+kDyC4WQn4+awm2Xfk2lQMk5fKup9XgzTZtGkjBdP9Q==",
      "dev": true,
      "bin": {
        "prettier": "bin-prettier.js"
      },
      "engines": {
        "node": ">=10.13.0"
      },
      "funding": {
        "url": "https://github.com/prettier/prettier?sponsor=1"
      }
    },
    "node_modules/sweetalert2": {
      "version": "11.7.11",
      "resolved": "https://registry.npmjs.org/sweetalert2/-/sweetalert2-11.7.11.tgz",
      "integrity": "sha512-kQ2wxdHq9OBCdVT7Ku8YYuNGKq2qwYMIBSfY13j/dsqVFh6th37SE0/hCLcrZ8LS/kIouiVKgWqYa9/UJ3RZTQ==",
      "funding": {
        "type": "individual",
        "url": "https://github.com/sponsors/limonte"
      }
    }
  }
}
